
Microsoft Visual Studio Solution File, Format Version 12.00
# Visual Studio Version 16
VisualStudioVersion = 16.0.34301.259
MinimumVisualStudioVersion = 10.0.40219.1
Project("{2150E333-8FDC-42A3-9474-1A3956D46DE8}") = "Task0", "Task0", "{01702B38-9C68-4586-9BB4-2BD9D93F7527}"
EndProject
Project("{2150E333-8FDC-42A3-9474-1A3956D46DE8}") = "Task1", "Task1", "{F51207D1-94ED-4A02-88DD-F9331E54C8C8}"
EndProject
Project("{2150E333-8FDC-42A3-9474-1A3956D46DE8}") = "Task2", "Task2", "{068D16DB-3363-48BD-A393-56808E638B8B}"
EndProject
Project("{2150E333-8FDC-42A3-9474-1A3956D46DE8}") = "Task4", "Task4", "{A456D680-B917-493B-A61E-AAAE47FDF425}"
EndProject
Project("{2150E333-8FDC-42A3-9474-1A3956D46DE8}") = "Task5", "Task5", "{0AA3FA11-2AFB-49A6-A9F2-31ADF8F134BB}"
EndProject
Project("{2150E333-8FDC-42A3-9474-1A3956D46DE8}") = "Task6", "Task6", "{8C9A7F12-34C6-429B-85B8-DDFF605251A8}"
EndProject
Project("{2150E333-8FDC-42A3-9474-1A3956D46DE8}") = "Task7", "Task7", "{04EFCA64-B8F8-4CE1-BF07-D10C799776AB}"
EndProject
Project("{FAE04EC0-301F-11D3-BF4B-00C04F79EFBC}") = "Tyuiu.GunbinNA.Sprint2.Task0.V4", "Tyuiu.GunbinNA.Sprint2.Task0.V4\Tyuiu.GunbinNA.Sprint2.Task0.V4.csproj", "{187F17C6-EDBD-440D-9FB0-25A52C0FFE4D}"
EndProject
Project("{FAE04EC0-301F-11D3-BF4B-00C04F79EFBC}") = "Tyuiu.GunbinNA.Sprint2.Task0.V4.Lib", "Tyuiu.GunbinNA.Sprint2.Task0.V4.Lib\Tyuiu.GunbinNA.Sprint2.Task0.V4.Lib.csproj", "{7526289E-1269-41E2-95FB-835F2221A042}"
EndProject
Project("{FAE04EC0-301F-11D3-BF4B-00C04F79EFBC}") = "Tyuiu.GunbinNA.Sprint2.Task0.V4.Test", "Tyuiu.GunbinNA.Sprint2.Task0.V4.Test\Tyuiu.GunbinNA.Sprint2.Task0.V4.Test.csproj", "{B302253E-E750-49E0-AA70-AD8548B0E0EC}"
EndProject
Project("{FAE04EC0-301F-11D3-BF4B-00C04F79EFBC}") = "Tyuiu.GunbinNA.Sprint2.Task1.V22", "Tyuiu.GunbinNA.Sprint2.Task1.V22\Tyuiu.GunbinNA.Sprint2.Task1.V22.csproj", "{4E93E4F3-8003-4385-BDCE-85212E924F7D}"
EndProject
Project("{FAE04EC0-301F-11D3-BF4B-00C04F79EFBC}") = "Tyuiu.GunbinNA.Sprint2.Task1.V22.Lib", "Tyuiu.GunbinNA.Sprint2.Task1.V22.Lib\Tyuiu.GunbinNA.Sprint2.Task1.V22.Lib.csproj", "{FD02E93D-D843-4237-8F07-312CEBED7BF4}"
EndProject
Project("{FAE04EC0-301F-11D3-BF4B-00C04F79EFBC}") = "Tyuiu.GunbinNA.Sprint2.Task1.V22.Test", "Tyuiu.GunbinNA.Sprint2.Task1.V22.Test\Tyuiu.GunbinNA.Sprint2.Task1.V22.Test.csproj", "{925BEAB5-C6A1-4BAD-88AA-E47F9DB3686B}"
EndProject
Project("{FAE04EC0-301F-11D3-BF4B-00C04F79EFBC}") = "Tyuiu.GunbinNA.Sprint2.Task2.V9", "Tyuiu.GunbinNA.Sprint2.Task2.V9\Tyuiu.GunbinNA.Sprint2.Task2.V9.csproj", "{E19EC32C-80BF-4FAD-9B4E-4BED11C0A6C7}"
EndProject
Project("{FAE04EC0-301F-11D3-BF4B-00C04F79EFBC}") = "Tyuiu.GunbinNA.Sprint2.Task2.V9.Lib", "Tyuiu.GunbinNA.Sprint2.Task2.V9.Lib\Tyuiu.GunbinNA.Sprint2.Task2.V9.Lib.csproj", "{934C52E1-294E-4C83-9EC6-91130457F777}"
EndProject
Project("{FAE04EC0-301F-11D3-BF4B-00C04F79EFBC}") = "Tyuiu.GunbinNA.Sprint2.Task2.V9.Test", "Tyuiu.GunbinNA.Sprint2.Task2.V9.Test\Tyuiu.GunbinNA.Sprint2.Task2.V9.Test.csproj", "{51136921-5163-4A92-A926-AC94A283E548}"
EndProject
Project("{FAE04EC0-301F-11D3-BF4B-00C04F79EFBC}") = "Tyuiu.GunbinNA.Sprint2.Task4.V15", "Tyuiu.GunbinNA.Sprint2.Task4.V15\Tyuiu.GunbinNA.Sprint2.Task4.V15.csproj", "{8F239D6B-A997-476F-809B-FEFE89D2B5FB}"
EndProject
Project("{FAE04EC0-301F-11D3-BF4B-00C04F79EFBC}") = "Tyuiu.GunbinNA.Sprint2.Task4.V15.Lib", "Tyuiu.GunbinNA.Sprint2.Task4.V15.Lib\Tyuiu.GunbinNA.Sprint2.Task4.V15.Lib.csproj", "{CB9678AA-094C-4E00-80A0-D3C9D72F74C8}"
EndProject
Project("{FAE04EC0-301F-11D3-BF4B-00C04F79EFBC}") = "Tyuiu.GunbinNA.Sprint2.Task4.V15.Test", "Tyuiu.GunbinNA.Sprint2.Task4.V15.Test\Tyuiu.GunbinNA.Sprint2.Task4.V15.Test.csproj", "{A068BBAF-0E84-4E3A-BF46-8B10BED748C7}"
EndProject
Project("{FAE04EC0-301F-11D3-BF4B-00C04F79EFBC}") = "Tyuiu.GunbinNA.Sprint2.Task5.V2", "Tyuiu.GunbinNA.Sprint2.Task5.V2\Tyuiu.GunbinNA.Sprint2.Task5.V2.csproj", "{61AEC9D7-AE18-435B-A377-1E29AA84A03A}"
EndProject
Project("{FAE04EC0-301F-11D3-BF4B-00C04F79EFBC}") = "Tyuiu.GunbinNA.Sprint2.Task5.V2.Lib", "Tyuiu.GunbinNA.Sprint2.Task5.V2.Lib\Tyuiu.GunbinNA.Sprint2.Task5.V2.Lib.csproj", "{259FBD90-9CCA-4221-9638-266F5A6532B3}"
EndProject
Project("{FAE04EC0-301F-11D3-BF4B-00C04F79EFBC}") = "Tyuiu.GunbinNA.Sprint2.Task5.V2.Test", "Tyuiu.GunbinNA.Sprint2.Task5.V2.Test\Tyuiu.GunbinNA.Sprint2.Task5.V2.Test.csproj", "{E1BE735C-7235-48DE-ACB8-F9D253723947}"
EndProject
Project("{FAE04EC0-301F-11D3-BF4B-00C04F79EFBC}") = "Tyuiu.GunbinNA.Sprint2.Task6.V2", "Tyuiu.GunbinNA.Sprint2.Task6.V2\Tyuiu.GunbinNA.Sprint2.Task6.V2.csproj", "{82EE1C7B-E6E5-48B8-9D28-86CC6FFC30CA}"
EndProject
Project("{FAE04EC0-301F-11D3-BF4B-00C04F79EFBC}") = "Tyuiu.GunbinNA.Sprint2.Task6.V2.Lib", "Tyuiu.GunbinNA.Sprint2.Task6.V2.Lib\Tyuiu.GunbinNA.Sprint2.Task6.V2.Lib.csproj", "{E4AED68E-4384-4FAE-BD5B-D91001856154}"
EndProject
Project("{FAE04EC0-301F-11D3-BF4B-00C04F79EFBC}") = "Tyuiu.GunbinNA.Sprint2.Task6.V2.Test", "Tyuiu.GunbinNA.Sprint2.Task6.V2.Test\Tyuiu.GunbinNA.Sprint2.Task6.V2.Test.csproj", "{2F2EAF49-5763-40B4-A865-7E812B9B430A}"
EndProject
Project("{FAE04EC0-301F-11D3-BF4B-00C04F79EFBC}") = "Tyuiu.GunbinNA.Sprint2.Task7.V1", "Tyuiu.GunbinNA.Sprint2.Task7.V1\Tyuiu.GunbinNA.Sprint2.Task7.V1.csproj", "{E8FAC4CE-47E9-4B8F-AB14-C071D69152D1}"
EndProject
Project("{FAE04EC0-301F-11D3-BF4B-00C04F79EFBC}") = "Tyuiu.GunbinNA.Sprint2.Task7.V1.Lib", "Tyuiu.GunbinNA.Sprint2.Task7.V1.Lib\Tyuiu.GunbinNA.Sprint2.Task7.V1.Lib.csproj", "{4C12A30D-9772-4365-979A-C0835BE6F752}"
EndProject
Project("{FAE04EC0-301F-11D3-BF4B-00C04F79EFBC}") = "Tyuiu.GunbinNA.Sprint2.Task7.V1.Test", "Tyuiu.GunbinNA.Sprint2.Task7.V1.Test\Tyuiu.GunbinNA.Sprint2.Task7.V1.Test.csproj", "{59911658-6D85-45FE-8FD3-1B652F09BE1B}"
EndProject
Project("{2150E333-8FDC-42A3-9474-1A3956D46DE8}") = "Task3", "Task3", "{6EBD05D4-7C72-4EB8-8273-8D69A46BB1AB}"
EndProject
Project("{FAE04EC0-301F-11D3-BF4B-00C04F79EFBC}") = "Tyuiu.GunbinNA.Sprint2.Task3.V14", "Tyuiu.GunbinNA.Sprint2.Task3.V14\Tyuiu.GunbinNA.Sprint2.Task3.V14.csproj", "{1F95FE86-B8D4-4ECC-8506-03342D6B7A69}"
EndProject
Project("{FAE04EC0-301F-11D3-BF4B-00C04F79EFBC}") = "Tyuiu.GunbinNA.Sprint2.Task3.V14.Lib", "Tyuiu.GunbinNA.Sprint2.Task3.V14.Lib\Tyuiu.GunbinNA.Sprint2.Task3.V14.Lib.csproj", "{F32454CD-F459-49D2-901C-EDD58309441F}"
EndProject
Project("{FAE04EC0-301F-11D3-BF4B-00C04F79EFBC}") = "Tyuiu.GunbinNA.Sprint2.Task3.V14.Test", "Tyuiu.GunbinNA.Sprint2.Task3.V14.Test\Tyuiu.GunbinNA.Sprint2.Task3.V14.Test.csproj", "{8D55D907-6B5A-4B1F-BE7A-8210B39AD370}"
EndProject
Global
	GlobalSection(SolutionConfigurationPlatforms) = preSolution
		Debug|Any CPU = Debug|Any CPU
		Release|Any CPU = Release|Any CPU
	EndGlobalSection
	GlobalSection(ProjectConfigurationPlatforms) = postSolution
		{187F17C6-EDBD-440D-9FB0-25A52C0FFE4D}.Debug|Any CPU.ActiveCfg = Debug|Any CPU
		{187F17C6-EDBD-440D-9FB0-25A52C0FFE4D}.Debug|Any CPU.Build.0 = Debug|Any CPU
		{187F17C6-EDBD-440D-9FB0-25A52C0FFE4D}.Release|Any CPU.ActiveCfg = Release|Any CPU
		{187F17C6-EDBD-440D-9FB0-25A52C0FFE4D}.Release|Any CPU.Build.0 = Release|Any CPU
		{7526289E-1269-41E2-95FB-835F2221A042}.Debug|Any CPU.ActiveCfg = Debug|Any CPU
		{7526289E-1269-41E2-95FB-835F2221A042}.Debug|Any CPU.Build.0 = Debug|Any CPU
		{7526289E-1269-41E2-95FB-835F2221A042}.Release|Any CPU.ActiveCfg = Release|Any CPU
		{7526289E-1269-41E2-95FB-835F2221A042}.Release|Any CPU.Build.0 = Release|Any CPU
		{B302253E-E750-49E0-AA70-AD8548B0E0EC}.Debug|Any CPU.ActiveCfg = Debug|Any CPU
		{B302253E-E750-49E0-AA70-AD8548B0E0EC}.Debug|Any CPU.Build.0 = Debug|Any CPU
		{B302253E-E750-49E0-AA70-AD8548B0E0EC}.Release|Any CPU.ActiveCfg = Release|Any CPU
		{B302253E-E750-49E0-AA70-AD8548B0E0EC}.Release|Any CPU.Build.0 = Release|Any CPU
		{4E93E4F3-8003-4385-BDCE-85212E924F7D}.Debug|Any CPU.ActiveCfg = Debug|Any CPU
		{4E93E4F3-8003-4385-BDCE-85212E924F7D}.Debug|Any CPU.Build.0 = Debug|Any CPU
		{4E93E4F3-8003-4385-BDCE-85212E924F7D}.Release|Any CPU.ActiveCfg = Release|Any CPU
		{4E93E4F3-8003-4385-BDCE-85212E924F7D}.Release|Any CPU.Build.0 = Release|Any CPU
		{FD02E93D-D843-4237-8F07-312CEBED7BF4}.Debug|Any CPU.ActiveCfg = Debug|Any CPU
		{FD02E93D-D843-4237-8F07-312CEBED7BF4}.Debug|Any CPU.Build.0 = Debug|Any CPU
		{FD02E93D-D843-4237-8F07-312CEBED7BF4}.Release|Any CPU.ActiveCfg = Release|Any CPU
		{FD02E93D-D843-4237-8F07-312CEBED7BF4}.Release|Any CPU.Build.0 = Release|Any CPU
		{925BEAB5-C6A1-4BAD-88AA-E47F9DB3686B}.Debug|Any CPU.ActiveCfg = Debug|Any CPU
		{925BEAB5-C6A1-4BAD-88AA-E47F9DB3686B}.Debug|Any CPU.Build.0 = Debug|Any CPU
		{925BEAB5-C6A1-4BAD-88AA-E47F9DB3686B}.Release|Any CPU.ActiveCfg = Release|Any CPU
		{925BEAB5-C6A1-4BAD-88AA-E47F9DB3686B}.Release|Any CPU.Build.0 = Release|Any CPU
		{E19EC32C-80BF-4FAD-9B4E-4BED11C0A6C7}.Debug|Any CPU.ActiveCfg = Debug|Any CPU
		{E19EC32C-80BF-4FAD-9B4E-4BED11C0A6C7}.Debug|Any CPU.Build.0 = Debug|Any CPU
		{E19EC32C-80BF-4FAD-9B4E-4BED11C0A6C7}.Release|Any CPU.ActiveCfg = Release|Any CPU
		{E19EC32C-80BF-4FAD-9B4E-4BED11C0A6C7}.Release|Any CPU.Build.0 = Release|Any CPU
		{934C52E1-294E-4C83-9EC6-91130457F777}.Debug|Any CPU.ActiveCfg = Debug|Any CPU
		{934C52E1-294E-4C83-9EC6-91130457F777}.Debug|Any CPU.Build.0 = Debug|Any CPU
		{934C52E1-294E-4C83-9EC6-91130457F777}.Release|Any CPU.ActiveCfg = Release|Any CPU
		{934C52E1-294E-4C83-9EC6-91130457F777}.Release|Any CPU.Build.0 = Release|Any CPU
		{51136921-5163-4A92-A926-AC94A283E548}.Debug|Any CPU.ActiveCfg = Debug|Any CPU
		{51136921-5163-4A92-A926-AC94A283E548}.Debug|Any CPU.Build.0 = Debug|Any CPU
		{51136921-5163-4A92-A926-AC94A283E548}.Release|Any CPU.ActiveCfg = Release|Any CPU
		{51136921-5163-4A92-A926-AC94A283E548}.Release|Any CPU.Build.0 = Release|Any CPU
		{8F239D6B-A997-476F-809B-FEFE89D2B5FB}.Debug|Any CPU.ActiveCfg = Debug|Any CPU
		{8F239D6B-A997-476F-809B-FEFE89D2B5FB}.Debug|Any CPU.Build.0 = Debug|Any CPU
		{8F239D6B-A997-476F-809B-FEFE89D2B5FB}.Release|Any CPU.ActiveCfg = Release|Any CPU
		{8F239D6B-A997-476F-809B-FEFE89D2B5FB}.Release|Any CPU.Build.0 = Release|Any CPU
		{CB9678AA-094C-4E00-80A0-D3C9D72F74C8}.Debug|Any CPU.ActiveCfg = Debug|Any CPU
		{CB9678AA-094C-4E00-80A0-D3C9D72F74C8}.Debug|Any CPU.Build.0 = Debug|Any CPU
		{CB9678AA-094C-4E00-80A0-D3C9D72F74C8}.Release|Any CPU.ActiveCfg = Release|Any CPU
		{CB9678AA-094C-4E00-80A0-D3C9D72F74C8}.Release|Any CPU.Build.0 = Release|Any CPU
		{A068BBAF-0E84-4E3A-BF46-8B10BED748C7}.Debug|Any CPU.ActiveCfg = Debug|Any CPU
		{A068BBAF-0E84-4E3A-BF46-8B10BED748C7}.Debug|Any CPU.Build.0 = Debug|Any CPU
		{A068BBAF-0E84-4E3A-BF46-8B10BED748C7}.Release|Any CPU.ActiveCfg = Release|Any CPU
		{A068BBAF-0E84-4E3A-BF46-8B10BED748C7}.Release|Any CPU.Build.0 = Release|Any CPU
		{61AEC9D7-AE18-435B-A377-1E29AA84A03A}.Debug|Any CPU.ActiveCfg = Debug|Any CPU
		{61AEC9D7-AE18-435B-A377-1E29AA84A03A}.Debug|Any CPU.Build.0 = Debug|Any CPU
		{61AEC9D7-AE18-435B-A377-1E29AA84A03A}.Release|Any CPU.ActiveCfg = Release|Any CPU
		{61AEC9D7-AE18-435B-A377-1E29AA84A03A}.Release|Any CPU.Build.0 = Release|Any CPU
		{259FBD90-9CCA-4221-9638-266F5A6532B3}.Debug|Any CPU.ActiveCfg = Debug|Any CPU
		{259FBD90-9CCA-4221-9638-266F5A6532B3}.Debug|Any CPU.Build.0 = Debug|Any CPU
		{259FBD90-9CCA-4221-9638-266F5A6532B3}.Release|Any CPU.ActiveCfg = Release|Any CPU
		{259FBD90-9CCA-4221-9638-266F5A6532B3}.Release|Any CPU.Build.0 = Release|Any CPU
		{E1BE735C-7235-48DE-ACB8-F9D253723947}.Debug|Any CPU.ActiveCfg = Debug|Any CPU
		{E1BE735C-7235-48DE-ACB8-F9D253723947}.Debug|Any CPU.Build.0 = Debug|Any CPU
		{E1BE735C-7235-48DE-ACB8-F9D253723947}.Release|Any CPU.ActiveCfg = Release|Any CPU
		{E1BE735C-7235-48DE-ACB8-F9D253723947}.Release|Any CPU.Build.0 = Release|Any CPU
		{82EE1C7B-E6E5-48B8-9D28-86CC6FFC30CA}.Debug|Any CPU.ActiveCfg = Debug|Any CPU
		{82EE1C7B-E6E5-48B8-9D28-86CC6FFC30CA}.Debug|Any CPU.Build.0 = Debug|Any CPU
		{82EE1C7B-E6E5-48B8-9D28-86CC6FFC30CA}.Release|Any CPU.ActiveCfg = Release|Any CPU
		{82EE1C7B-E6E5-48B8-9D28-86CC6FFC30CA}.Release|Any CPU.Build.0 = Release|Any CPU
		{E4AED68E-4384-4FAE-BD5B-D91001856154}.Debug|Any CPU.ActiveCfg = Debug|Any CPU
		{E4AED68E-4384-4FAE-BD5B-D91001856154}.Debug|Any CPU.Build.0 = Debug|Any CPU
		{E4AED68E-4384-4FAE-BD5B-D91001856154}.Release|Any CPU.ActiveCfg = Release|Any CPU
		{E4AED68E-4384-4FAE-BD5B-D91001856154}.Release|Any CPU.Build.0 = Release|Any CPU
		{2F2EAF49-5763-40B4-A865-7E812B9B430A}.Debug|Any CPU.ActiveCfg = Debug|Any CPU
		{2F2EAF49-5763-40B4-A865-7E812B9B430A}.Debug|Any CPU.Build.0 = Debug|Any CPU
		{2F2EAF49-5763-40B4-A865-7E812B9B430A}.Release|Any CPU.ActiveCfg = Release|Any CPU
		{2F2EAF49-5763-40B4-A865-7E812B9B430A}.Release|Any CPU.Build.0 = Release|Any CPU
		{E8FAC4CE-47E9-4B8F-AB14-C071D69152D1}.Debug|Any CPU.ActiveCfg = Debug|Any CPU
		{E8FAC4CE-47E9-4B8F-AB14-C071D69152D1}.Debug|Any CPU.Build.0 = Debug|Any CPU
		{E8FAC4CE-47E9-4B8F-AB14-C071D69152D1}.Release|Any CPU.ActiveCfg = Release|Any CPU
		{E8FAC4CE-47E9-4B8F-AB14-C071D69152D1}.Release|Any CPU.Build.0 = Release|Any CPU
		{4C12A30D-9772-4365-979A-C0835BE6F752}.Debug|Any CPU.ActiveCfg = Debug|Any CPU
		{4C12A30D-9772-4365-979A-C0835BE6F752}.Debug|Any CPU.Build.0 = Debug|Any CPU
		{4C12A30D-9772-4365-979A-C0835BE6F752}.Release|Any CPU.ActiveCfg = Release|Any CPU
		{4C12A30D-9772-4365-979A-C0835BE6F752}.Release|Any CPU.Build.0 = Release|Any CPU
		{59911658-6D85-45FE-8FD3-1B652F09BE1B}.Debug|Any CPU.ActiveCfg = Debug|Any CPU
		{59911658-6D85-45FE-8FD3-1B652F09BE1B}.Debug|Any CPU.Build.0 = Debug|Any CPU
		{59911658-6D85-45FE-8FD3-1B652F09BE1B}.Release|Any CPU.ActiveCfg = Release|Any CPU
		{59911658-6D85-45FE-8FD3-1B652F09BE1B}.Release|Any CPU.Build.0 = Release|Any CPU
		{1F95FE86-B8D4-4ECC-8506-03342D6B7A69}.Debug|Any CPU.ActiveCfg = Debug|Any CPU
		{1F95FE86-B8D4-4ECC-8506-03342D6B7A69}.Debug|Any CPU.Build.0 = Debug|Any CPU
		{1F95FE86-B8D4-4ECC-8506-03342D6B7A69}.Release|Any CPU.ActiveCfg = Release|Any CPU
		{1F95FE86-B8D4-4ECC-8506-03342D6B7A69}.Release|Any CPU.Build.0 = Release|Any CPU
		{F32454CD-F459-49D2-901C-EDD58309441F}.Debug|Any CPU.ActiveCfg = Debug|Any CPU
		{F32454CD-F459-49D2-901C-EDD58309441F}.Debug|Any CPU.Build.0 = Debug|Any CPU
		{F32454CD-F459-49D2-901C-EDD58309441F}.Release|Any CPU.ActiveCfg = Release|Any CPU
		{F32454CD-F459-49D2-901C-EDD58309441F}.Release|Any CPU.Build.0 = Release|Any CPU
		{8D55D907-6B5A-4B1F-BE7A-8210B39AD370}.Debug|Any CPU.ActiveCfg = Debug|Any CPU
		{8D55D907-6B5A-4B1F-BE7A-8210B39AD370}.Debug|Any CPU.Build.0 = Debug|Any CPU
		{8D55D907-6B5A-4B1F-BE7A-8210B39AD370}.Release|Any CPU.ActiveCfg = Release|Any CPU
		{8D55D907-6B5A-4B1F-BE7A-8210B39AD370}.Release|Any CPU.Build.0 = Release|Any CPU
	EndGlobalSection
	GlobalSection(SolutionProperties) = preSolution
		HideSolutionNode = FALSE
	EndGlobalSection
	GlobalSection(NestedProjects) = preSolution
		{187F17C6-EDBD-440D-9FB0-25A52C0FFE4D} = {01702B38-9C68-4586-9BB4-2BD9D93F7527}
		{7526289E-1269-41E2-95FB-835F2221A042} = {01702B38-9C68-4586-9BB4-2BD9D93F7527}
		{B302253E-E750-49E0-AA70-AD8548B0E0EC} = {01702B38-9C68-4586-9BB4-2BD9D93F7527}
		{4E93E4F3-8003-4385-BDCE-85212E924F7D} = {F51207D1-94ED-4A02-88DD-F9331E54C8C8}
		{FD02E93D-D843-4237-8F07-312CEBED7BF4} = {F51207D1-94ED-4A02-88DD-F9331E54C8C8}
		{925BEAB5-C6A1-4BAD-88AA-E47F9DB3686B} = {F51207D1-94ED-4A02-88DD-F9331E54C8C8}
		{E19EC32C-80BF-4FAD-9B4E-4BED11C0A6C7} = {068D16DB-3363-48BD-A393-56808E638B8B}
		{934C52E1-294E-4C83-9EC6-91130457F777} = {068D16DB-3363-48BD-A393-56808E638B8B}
		{51136921-5163-4A92-A926-AC94A283E548} = {068D16DB-3363-48BD-A393-56808E638B8B}
		{8F239D6B-A997-476F-809B-FEFE89D2B5FB} = {A456D680-B917-493B-A61E-AAAE47FDF425}
		{CB9678AA-094C-4E00-80A0-D3C9D72F74C8} = {A456D680-B917-493B-A61E-AAAE47FDF425}
		{A068BBAF-0E84-4E3A-BF46-8B10BED748C7} = {A456D680-B917-493B-A61E-AAAE47FDF425}
		{61AEC9D7-AE18-435B-A377-1E29AA84A03A} = {0AA3FA11-2AFB-49A6-A9F2-31ADF8F134BB}
		{259FBD90-9CCA-4221-9638-266F5A6532B3} = {0AA3FA11-2AFB-49A6-A9F2-31ADF8F134BB}
		{E1BE735C-7235-48DE-ACB8-F9D253723947} = {0AA3FA11-2AFB-49A6-A9F2-31ADF8F134BB}
		{82EE1C7B-E6E5-48B8-9D28-86CC6FFC30CA} = {8C9A7F12-34C6-429B-85B8-DDFF605251A8}
		{E4AED68E-4384-4FAE-BD5B-D91001856154} = {8C9A7F12-34C6-429B-85B8-DDFF605251A8}
		{2F2EAF49-5763-40B4-A865-7E812B9B430A} = {8C9A7F12-34C6-429B-85B8-DDFF605251A8}
		{E8FAC4CE-47E9-4B8F-AB14-C071D69152D1} = {04EFCA64-B8F8-4CE1-BF07-D10C799776AB}
		{4C12A30D-9772-4365-979A-C0835BE6F752} = {04EFCA64-B8F8-4CE1-BF07-D10C799776AB}
		{59911658-6D85-45FE-8FD3-1B652F09BE1B} = {04EFCA64-B8F8-4CE1-BF07-D10C799776AB}
		{1F95FE86-B8D4-4ECC-8506-03342D6B7A69} = {6EBD05D4-7C72-4EB8-8273-8D69A46BB1AB}
		{F32454CD-F459-49D2-901C-EDD58309441F} = {6EBD05D4-7C72-4EB8-8273-8D69A46BB1AB}
		{8D55D907-6B5A-4B1F-BE7A-8210B39AD370} = {6EBD05D4-7C72-4EB8-8273-8D69A46BB1AB}
	EndGlobalSection
	GlobalSection(ExtensibilityGlobals) = postSolution
		SolutionGuid = {823D1FD2-4602-4CAC-A773-533DDBA2A274}
	EndGlobalSection
EndGlobal
